github.com/kklab-com/gone-httpstatus v0.0.0-20210329135420-5f09bea125ca h1:duB106r0CtJe83ivvhN7wsntedehHE3S6FmejYvhAH8=
github.com/kklab-com/gone-httpstatus v0.0.0-20210329135420-5f09bea125ca/go.mod h1:/CQupWAKI9SZjdmc1dAEECtQZXnWn3+OukRtPdLe6eU=
github.com/kklab-com/goth-kkerror v0.0.0-20210329135318-f6c51d7cfc8c h1:3H690Rwgvhcfh4WEtWJXqmqutp0PcKSmCGYs4nWIOO8=
github.com/kklab-com/goth-kkerror v0.0.0-20210329135318-f6c51d7cfc8c/go.mod h1:KEgEJZV0UeXoKcEiqWjKovSYZU1D/94XXtsD7pZAr90=
